
Microsoft Visual Studio Solution File, Format Version 12.00
# Visual Studio 2012
Project("{FAE04EC0-301F-11D3-BF4B-00C04F79EFBC}") = "TemporaryFile", "TemporaryFile\TemporaryFile.csproj", "{7590FB5B-C71E-44B4-8E19-42A56870CA7C}"
EndProject
Project("{FAE04EC0-301F-11D3-BF4B-00C04F79EFBC}") = "TemporaryFile.Tests", "TemporaryFile.Tests\TemporaryFile.Tests.csproj", "{5CB60C67-D339-4214-B1EE-5BBEACB96AAD}"
EndProject
Global
	GlobalSection(SolutionConfigurationPlatforms) = preSolution
		Debug|Any CPU = Debug|Any CPU
		Release|Any CPU = Release|Any CPU
	EndGlobalSection
	GlobalSection(ProjectConfigurationPlatforms) = postSolution
		{7590FB5B-C71E-44B4-8E19-42A56870CA7C}.Debug|Any CPU.ActiveCfg = Debug|Any CPU
		{7590FB5B-C71E-44B4-8E19-42A56870CA7C}.Debug|Any CPU.Build.0 = Debug|Any CPU
		{7590FB5B-C71E-44B4-8E19-42A56870CA7C}.Release|Any CPU.ActiveCfg = Release|Any CPU
		{7590FB5B-C71E-44B4-8E19-42A56870CA7C}.Release|Any CPU.Build.0 = Release|Any CPU
		{5CB60C67-D339-4214-B1EE-5BBEACB96AAD}.Debug|Any CPU.ActiveCfg = Debug|Any CPU
		{5CB60C67-D339-4214-B1EE-5BBEACB96AAD}.Debug|Any CPU.Build.0 = Debug|Any CPU
		{5CB60C67-D339-4214-B1EE-5BBEACB96AAD}.Release|Any CPU.ActiveCfg = Release|Any CPU
		{5CB60C67-D339-4214-B1EE-5BBEACB96AAD}.Release|Any CPU.Build.0 = Release|Any CPU
	EndGlobalSection
	GlobalSection(SolutionProperties) = preSolution
		HideSolutionNode = FALSE
	EndGlobalSection
EndGlobal
